{
  "name": "iwi",
  "version": "1.0.0",
  "lockfileVersion": 1,
  "requires": true,
  "dependencies": {
    "wikibase-sdk": {
      "version": "7.0.9",
      "resolved": "https://registry.npmjs.org/wikibase-sdk/-/wikibase-sdk-7.0.9.tgz",
      "integrity": "sha512-+f1UkN3BBDhAcWkgUpVh7J++d5JZXt9mHE42PSz1of/x2sXB63gJChgjc8awezCsSADApcnIrncPbY/hjlNnVA=="
    }
  }
}
